
Microsoft Visual Studio Solution File, Format Version 12.00
# Visual Studio Version 17
VisualStudioVersion = 17.4.33205.214
MinimumVisualStudioVersion = 10.0.40219.1
Project("{FAE04EC0-301F-11D3-BF4B-00C04F79EFBC}") = "BotGame_Script_Image_V1.0.1", "BotGame_Script_Image_V1.0.1\BotGame_Script_Image_V1.0.1.csproj", "{9EDA0951-B8C7-4EB3-9816-63F337892AC2}"
EndProject
Global
	GlobalSection(SolutionConfigurationPlatforms) = preSolution
		Debug|Any CPU = Debug|Any CPU
		Release|Any CPU = Release|Any CPU
	EndGlobalSection
	GlobalSection(ProjectConfigurationPlatforms) = postSolution
		{9EDA0951-B8C7-4EB3-9816-63F337892AC2}.Debug|Any CPU.ActiveCfg = Debug|Any CPU
		{9EDA0951-B8C7-4EB3-9816-63F337892AC2}.Debug|Any CPU.Build.0 = Debug|Any CPU
		{9EDA0951-B8C7-4EB3-9816-63F337892AC2}.Release|Any CPU.ActiveCfg = Release|Any CPU
		{9EDA0951-B8C7-4EB3-9816-63F337892AC2}.Release|Any CPU.Build.0 = Release|Any CPU
	EndGlobalSection
	GlobalSection(SolutionProperties) = preSolution
		HideSolutionNode = FALSE
	EndGlobalSection
	GlobalSection(ExtensibilityGlobals) = postSolution
		SolutionGuid = {8F861318-645F-40FA-8BDF-1E3896D9422F}
	EndGlobalSection
EndGlobal
